
Microsoft Visual Studio Solution File, Format Version 12.00
# Visual Studio Version 16
VisualStudioVersion = 16.0.29519.87
MinimumVisualStudioVersion = 10.0.40219.1
Project("{FAE04EC0-301F-11D3-BF4B-00C04F79EFBC}") = "Console Project Manager", "Console Project Manager\Console Project Manager.csproj", "{4C169579-3D2E-4515-B2A0-933F71751DFC}"
EndProject
Global
	GlobalSection(SolutionConfigurationPlatforms) = preSolution
		Debug|Any CPU = Debug|Any CPU
		Release|Any CPU = Release|Any CPU
	EndGlobalSection
	GlobalSection(ProjectConfigurationPlatforms) = postSolution
		{4C169579-3D2E-4515-B2A0-933F71751DFC}.Debug|Any CPU.ActiveCfg = Debug|Any CPU
		{4C169579-3D2E-4515-B2A0-933F71751DFC}.Debug|Any CPU.Build.0 = Debug|Any CPU
		{4C169579-3D2E-4515-B2A0-933F71751DFC}.Release|Any CPU.ActiveCfg = Release|Any CPU
		{4C169579-3D2E-4515-B2A0-933F71751DFC}.Release|Any CPU.Build.0 = Release|Any CPU
	EndGlobalSection
	GlobalSection(SolutionProperties) = preSolution
		HideSolutionNode = FALSE
	EndGlobalSection
	GlobalSection(ExtensibilityGlobals) = postSolution
		SolutionGuid = {C2C702F1-FFD2-42CF-B96A-A1625633ABC3}
	EndGlobalSection
EndGlobal
